
Microsoft Visual Studio Solution File, Format Version 12.00
# Visual Studio Version 17
VisualStudioVersion = 17.4.33213.308
MinimumVisualStudioVersion = 10.0.40219.1
Project("{FAE04EC0-301F-11D3-BF4B-00C04F79EFBC}") = "20230408_AsyncProgramming_CRUD", "20230408_AsyncProgramming_CRUD\20230408_AsyncProgramming_CRUD.csproj", "{0052551A-B573-4735-8DD3-5D9E09D25520}"
EndProject
Global
	GlobalSection(SolutionConfigurationPlatforms) = preSolution
		Debug|Any CPU = Debug|Any CPU
		Release|Any CPU = Release|Any CPU
	EndGlobalSection
	GlobalSection(ProjectConfigurationPlatforms) = postSolution
		{0052551A-B573-4735-8DD3-5D9E09D25520}.Debug|Any CPU.ActiveCfg = Debug|Any CPU
		{0052551A-B573-4735-8DD3-5D9E09D25520}.Debug|Any CPU.Build.0 = Debug|Any CPU
		{0052551A-B573-4735-8DD3-5D9E09D25520}.Release|Any CPU.ActiveCfg = Release|Any CPU
		{0052551A-B573-4735-8DD3-5D9E09D25520}.Release|Any CPU.Build.0 = Release|Any CPU
	EndGlobalSection
	GlobalSection(SolutionProperties) = preSolution
		HideSolutionNode = FALSE
	EndGlobalSection
	GlobalSection(ExtensibilityGlobals) = postSolution
		SolutionGuid = {4585D8B6-8B94-4C29-8C1F-D32AEC08FAD9}
	EndGlobalSection
EndGlobal
